
Microsoft Visual Studio Solution File, Format Version 12.00
# Visual Studio 2012
Project("{2150E333-8FDC-42A3-9474-1A3956D46DE8}") = "Linked Lists", "Linked Lists", "{9FE7FF3D-2FCB-41D2-9FA5-C9D7BA01E3E5}"
EndProject
Project("{8BC9CEB8-8B4A-11D0-8D11-00A0C91BC942}") = "Reverse Single Linked List", "Reverse Single Linked List\Reverse Single Linked List.vcxproj", "{8A26F8BC-0B0A-4764-8696-60D8ABF70113}"
EndProject
Project("{8BC9CEB8-8B4A-11D0-8D11-00A0C91BC942}") = "Reverse k Node", "Reverse k Node\Reverse k Node.vcxproj", "{157D5243-AC5F-48B0-A720-02B38ABC28F2}"
EndProject
Project("{8BC9CEB8-8B4A-11D0-8D11-00A0C91BC942}") = "Find Merge Node", "Find Merge Node\Find Merge Node.vcxproj", "{223F1208-5D55-4BF2-9ED1-24483B2B32CA}"
EndProject
Project("{8BC9CEB8-8B4A-11D0-8D11-00A0C91BC942}") = "Reverse N-1 and Append", "Reverse N-1 and Append\Reverse N-1 and Append.vcxproj", "{2AEF168B-0AC1-4F85-9FF3-7B44B1FCD284}"
EndProject
Project("{8BC9CEB8-8B4A-11D0-8D11-00A0C91BC942}") = "InterLeave two Lists", "InterLeave two Lists\InterLeave two Lists.vcxproj", "{64E5909A-28F6-4EBD-A51B-5CD966F41210}"
EndProject
Project("{8BC9CEB8-8B4A-11D0-8D11-00A0C91BC942}") = "Palindrome Check", "Palindrome Check\Palindrome Check.vcxproj", "{6B39FF28-B99A-40A3-8FE4-5D72AFC20FB1}"
EndProject
Project("{8BC9CEB8-8B4A-11D0-8D11-00A0C91BC942}") = "Sum two LinkedLists", "Sum two LinkedLists\Sum two LinkedLists.vcxproj", "{8EAF9F7E-489B-47BF-95AC-96B6D29892ED}"
EndProject
Project("{8BC9CEB8-8B4A-11D0-8D11-00A0C91BC942}") = "Product two LinkedList", "Product two LinkedList\Product two LinkedList.vcxproj", "{EB309AB2-60D3-45C2-9C76-7C7ECC707463}"
EndProject
Project("{2150E333-8FDC-42A3-9474-1A3956D46DE8}") = "Tree", "Tree", "{14BFC53B-A28D-4611-8036-BB04C172A310}"
EndProject
Project("{8BC9CEB8-8B4A-11D0-8D11-00A0C91BC942}") = "Visualize Tree", "Visualize Tree\Visualize Tree.vcxproj", "{9653CEC2-80BA-4E2E-A514-B79BDC61D593}"
EndProject
Project("{8BC9CEB8-8B4A-11D0-8D11-00A0C91BC942}") = "Print BT Zigzag", "Print BT Zigzag\Print BT Zigzag.vcxproj", "{27103011-D448-4572-A62D-43049AF8C4A0}"
EndProject
Project("{8BC9CEB8-8B4A-11D0-8D11-00A0C91BC942}") = "Connect same Level BT", "Connect same Level BT\Connect same Level BT.vcxproj", "{3DBBA8F1-1FE5-4A92-BC8E-83D8EDABF0C9}"
EndProject
Project("{8BC9CEB8-8B4A-11D0-8D11-00A0C91BC942}") = "Least Common Ancestor", "Least Common Ancestor\Least Common Ancestor.vcxproj", "{3DED0E4F-C22B-457A-AA45-3A70ABEB9759}"
EndProject
Project("{8BC9CEB8-8B4A-11D0-8D11-00A0C91BC942}") = "InPlace DDL to Tree", "InPlace DDL to Tree\InPlace DDL to Tree.vcxproj", "{87B265EB-669C-446A-A730-255031A321C7}"
EndProject
Project("{8BC9CEB8-8B4A-11D0-8D11-00A0C91BC942}") = "Sum To K", "Sum To K\Sum To K.vcxproj", "{06A61545-D5EC-4B43-8E0D-B9EFC2C650C2}"
EndProject
Project("{8BC9CEB8-8B4A-11D0-8D11-00A0C91BC942}") = "Tree Border", "Tree Border\Tree Border.vcxproj", "{293A9FBA-1F36-4D03-A9ED-983B4C405F94}"
EndProject
Project("{2150E333-8FDC-42A3-9474-1A3956D46DE8}") = "Array", "Array", "{B4C6BEE2-071F-46C0-AE4C-9E708C029755}"
EndProject
Project("{8BC9CEB8-8B4A-11D0-8D11-00A0C91BC942}") = "Next Greatest", "Next Greatest\Next Greatest.vcxproj", "{84D7D671-F943-4249-AB2E-BC6923720310}"
EndProject
Project("{8BC9CEB8-8B4A-11D0-8D11-00A0C91BC942}") = "Rotate Matrix 90", "Rotate Matrix 90\Rotate Matrix 90.vcxproj", "{5E2C8429-DD70-4BB8-B694-204A57FB6AE8}"
EndProject
Project("{8BC9CEB8-8B4A-11D0-8D11-00A0C91BC942}") = "Print Spiral", "Print Spiral\Print Spiral.vcxproj", "{65D90A45-655B-45A1-A5EC-89C6D28E8EDF}"
EndProject
Project("{2150E333-8FDC-42A3-9474-1A3956D46DE8}") = "String", "String", "{F7E090DD-D052-424D-BA0D-269594C5CE46}"
EndProject
Project("{8BC9CEB8-8B4A-11D0-8D11-00A0C91BC942}") = "Print all SubString", "Print all SubString\Print all SubString.vcxproj", "{9DC4D528-BDFF-4CCD-9293-9E87F764C30F}"
EndProject
Project("{8BC9CEB8-8B4A-11D0-8D11-00A0C91BC942}") = "Print String Permutation", "Print String Permutation\Print String Permutation.vcxproj", "{F57ACDDA-8B21-4D95-B814-4D20C57BA388}"
EndProject
Project("{8BC9CEB8-8B4A-11D0-8D11-00A0C91BC942}") = "Long Palindrome", "Long Palindrome\Long Palindrome.vcxproj", "{0789A3ED-6828-4C0D-A0CE-35F76FE2755A}"
EndProject
Project("{8BC9CEB8-8B4A-11D0-8D11-00A0C91BC942}") = "Print brackets", "Print brackets\Print brackets.vcxproj", "{9C1EA8A1-838D-4B99-BE74-A3E4842FB1F1}"
EndProject
Project("{8BC9CEB8-8B4A-11D0-8D11-00A0C91BC942}") = "Max Continuous Subarray", "Max Continuous Subarray\Max Continuous Subarray.vcxproj", "{7E9531A9-2D2C-4D0C-8694-77B018D03718}"
EndProject
Project("{8BC9CEB8-8B4A-11D0-8D11-00A0C91BC942}") = "Coins Exchange", "Coins Exchange\Coins Exchange.vcxproj", "{DC123838-0EF4-47DB-AE30-3C7AF92B8EC8}"
EndProject
Project("{8BC9CEB8-8B4A-11D0-8D11-00A0C91BC942}") = "Histogram Max Area", "Histogram Max Area\Histogram Max Area.vcxproj", "{75CD9602-9CB6-4EFA-85EC-ED85A159EBB3}"
EndProject
Project("{2150E333-8FDC-42A3-9474-1A3956D46DE8}") = "Primitive Types", "Primitive Types", "{67C4B384-32D1-422B-9B62-EBB1C5488A42}"
EndProject
Project("{8BC9CEB8-8B4A-11D0-8D11-00A0C91BC942}") = "Compute Parity", "Compute Parity\Compute Parity.vcxproj", "{F797BEB9-FA9A-4C77-87B7-1FDC7395C27D}"
EndProject
Project("{8BC9CEB8-8B4A-11D0-8D11-00A0C91BC942}") = "3-way paritition (Dutch Flag Problem)", "3-way paritition (Dutch Flag Problem)\3-way paritition (Dutch Flag Problem).vcxproj", "{F4728FC0-698D-453E-A60E-84634C6A5DEF}"
EndProject
Project("{2150E333-8FDC-42A3-9474-1A3956D46DE8}") = "Searching", "Searching", "{5B5F2666-A37D-4AD4-B474-43897CC83F63}"
EndProject
Project("{8BC9CEB8-8B4A-11D0-8D11-00A0C91BC942}") = "Search First Sorted Occurrence", "Search First Sorted Occurrence\Search First Sorted Occurrence.vcxproj", "{BABCE698-4624-4EF7-9B33-E7CC2A557F23}"
EndProject
Project("{2150E333-8FDC-42A3-9474-1A3956D46DE8}") = "Sorting", "Sorting", "{1C07C808-E068-4C9F-90AE-7F3380A03E12}"
EndProject
Project("{8BC9CEB8-8B4A-11D0-8D11-00A0C91BC942}") = "MergeSort In place", "MergeSort In place\MergeSort In place.vcxproj", "{051BD8A0-F8DC-433D-9960-19DB3CB98973}"
EndProject
Project("{2150E333-8FDC-42A3-9474-1A3956D46DE8}") = "BST", "BST", "{D2E71256-3376-48FA-BF24-444831570A93}"
EndProject
Project("{8BC9CEB8-8B4A-11D0-8D11-00A0C91BC942}") = "BST Check", "BST Check\BST Check.vcxproj", "{F92657E8-D06D-4073-9C9E-7EE9534EFF40}"
EndProject
Project("{2150E333-8FDC-42A3-9474-1A3956D46DE8}") = "Recursion", "Recursion", "{0B2B6521-DD31-419A-8C33-A7FF35574B89}"
EndProject
Project("{8BC9CEB8-8B4A-11D0-8D11-00A0C91BC942}") = "Hanoi Tower", "Hanoi Tower\Hanoi Tower.vcxproj", "{46ED8BAB-13FF-4271-AB43-8D4ABB2DD9CB}"
EndProject
Project("{2150E333-8FDC-42A3-9474-1A3956D46DE8}") = "Dynamic Programming", "Dynamic Programming", "{22918BB2-DE74-4B8F-B884-3E4745265072}"
EndProject
Project("{8BC9CEB8-8B4A-11D0-8D11-00A0C91BC942}") = "Find Max SubArray", "Find Max SubArray\Find Max SubArray.vcxproj", "{02DB2E6F-F4D9-4103-89C2-5FF263528FC3}"
EndProject
Project("{8BC9CEB8-8B4A-11D0-8D11-00A0C91BC942}") = "Score Combination", "Score Combination\Score Combination.vcxproj", "{0DF5FE26-D330-443C-8EB0-EE948E96B439}"
EndProject
Project("{8BC9CEB8-8B4A-11D0-8D11-00A0C91BC942}") = "Swap Bit", "Swap Bit\Swap Bit.vcxproj", "{7D5383E7-AB8F-477E-8386-1637AB7E855F}"
EndProject
Project("{8BC9CEB8-8B4A-11D0-8D11-00A0C91BC942}") = "Increment BigInt", "Increment BigInt\Increment BigInt.vcxproj", "{1C41092F-6ED3-41C4-9832-8E1E74EBC7F1}"
EndProject
Project("{8BC9CEB8-8B4A-11D0-8D11-00A0C91BC942}") = "Remove n Replace", "Remove n Replace\Remove n Replace.vcxproj", "{478AE5CF-D90D-4EA6-B26D-5B659E8BC49D}"
EndProject
Project("{2150E333-8FDC-42A3-9474-1A3956D46DE8}") = "Stack Queue", "Stack Queue", "{A64F96F9-3660-4AA0-AF5F-6329EBA7DAA3}"
EndProject
Project("{8BC9CEB8-8B4A-11D0-8D11-00A0C91BC942}") = "Reverse Polish Notation", "Reverse Polish Notation\Reverse Polish Notation.vcxproj", "{F1763BD3-6F04-476A-B563-73D54732D059}"
EndProject
Project("{8BC9CEB8-8B4A-11D0-8D11-00A0C91BC942}") = "Search Cyclically Sorted Array", "Search Cyclically Sorted Array\Search Cyclically Sorted Array.vcxproj", "{C719C1AB-0600-42E8-A7E3-1C5116156871}"
EndProject
Project("{8BC9CEB8-8B4A-11D0-8D11-00A0C91BC942}") = "First Occurrence", "First Occurrence\First Occurrence.vcxproj", "{5A66EE86-8A24-498D-8B01-A5CBED1C7F78}"
EndProject
Project("{8BC9CEB8-8B4A-11D0-8D11-00A0C91BC942}") = "Regular Expression Matching", "Regular Expression Matching\Regular Expression Matching.vcxproj", "{2DC3024E-8296-4A66-8236-DB253A1B896A}"
EndProject
Project("{8BC9CEB8-8B4A-11D0-8D11-00A0C91BC942}") = "Edit Distance", "Edit Distance\Edit Distance.vcxproj", "{407F4647-3164-4DA0-88DB-1A18C39305F5}"
EndProject
Project("{8BC9CEB8-8B4A-11D0-8D11-00A0C91BC942}") = "Reverse Bits", "Reverse Bits\Reverse Bits.vcxproj", "{00E68F94-AAA1-498D-984A-0AE4B207D00D}"
EndProject
Project("{8BC9CEB8-8B4A-11D0-8D11-00A0C91BC942}") = "Closest Same Weight", "Closest Same Weight\Closest Same Weight.vcxproj", "{4B4D3840-6CB0-41D9-BF49-80F0874EB759}"
EndProject
Project("{8BC9CEB8-8B4A-11D0-8D11-00A0C91BC942}") = "Multiply two BigInt", "Multiply two BigInt\Multiply two BigInt.vcxproj", "{FC9C9C4D-D549-4FCC-B534-652CB787EB6F}"
EndProject
Project("{8BC9CEB8-8B4A-11D0-8D11-00A0C91BC942}") = "Delete Key", "Delete Key\Delete Key.vcxproj", "{A6D1943F-D0A5-4E4D-AA9C-AD074E44E8FC}"
EndProject
Project("{8BC9CEB8-8B4A-11D0-8D11-00A0C91BC942}") = "Delete Duplicate", "Delete Duplicate\Delete Duplicate.vcxproj", "{1556985E-5762-426E-90E5-5CFC9DF60F9B}"
EndProject
Project("{8BC9CEB8-8B4A-11D0-8D11-00A0C91BC942}") = "Test Palindromicity", "Test Palindromicity\Test Palindromicity.vcxproj", "{37529030-5E6B-4B75-BC12-F655788B1317}"
EndProject
Project("{8BC9CEB8-8B4A-11D0-8D11-00A0C91BC942}") = "Reverse all words", "Reverse all words\Reverse all words.vcxproj", "{1043ED37-C85D-4910-8B4E-F4F75301F4DF}"
EndProject
Project("{8BC9CEB8-8B4A-11D0-8D11-00A0C91BC942}") = "Longest Parens Substring", "Longest Parens Substring\Longest Parens Substring.vcxproj", "{379857AE-5647-4165-88FF-57E241B80903}"
EndProject
Project("{8BC9CEB8-8B4A-11D0-8D11-00A0C91BC942}") = "Encoding Tree", "Encoding Tree\Encoding Tree.vcxproj", "{5B9AA447-7E75-4D53-B3B9-537B8EE37778}"
EndProject
Project("{8BC9CEB8-8B4A-11D0-8D11-00A0C91BC942}") = "Search Sorted Array Unknown Length", "Search Sorted Array Unknown Length\Search Sorted Array Unknown Length.vcxproj", "{5B0E7D17-64BE-472C-B87E-F3CD086868B6}"
EndProject
Project("{8BC9CEB8-8B4A-11D0-8D11-00A0C91BC942}") = "Render A Calendar", "Render A Calendar\Render A Calendar.vcxproj", "{972648B0-00E1-434A-B128-7359F2423F00}"
EndProject
Project("{8BC9CEB8-8B4A-11D0-8D11-00A0C91BC942}") = "Closed Interval", "Closed Interval\Closed Interval.vcxproj", "{328653BA-6B84-4E48-A138-28336A2AD3A4}"
EndProject
Project("{8BC9CEB8-8B4A-11D0-8D11-00A0C91BC942}") = "K - Largest", "K - Largest\K - Largest.vcxproj", "{85685825-4EFD-4A76-B79F-8759D821DD6F}"
EndProject
Project("{8BC9CEB8-8B4A-11D0-8D11-00A0C91BC942}") = "Placement of Queens", "Placement of Queens\Placement of Queens.vcxproj", "{AB9D8635-8043-40D4-99B9-4F2DC0235A8D}"
EndProject
Project("{8BC9CEB8-8B4A-11D0-8D11-00A0C91BC942}") = "Enumerate Permutation", "Enumerate Permutation\Enumerate Permutation.vcxproj", "{C8793DB8-E5A0-47F7-85B8-6DC27B306972}"
EndProject
Project("{8BC9CEB8-8B4A-11D0-8D11-00A0C91BC942}") = "Enumurate Power Set", "Enumurate Power Set\Enumurate Power Set.vcxproj", "{38411E95-0A6C-48DC-BBE6-CF2911C9952C}"
EndProject
Project("{8BC9CEB8-8B4A-11D0-8D11-00A0C91BC942}") = "Compute X divide Y", "Compute X divide Y\Compute X divide Y.vcxproj", "{A9C19198-E635-4D02-83B6-8D1E730AB262}"
EndProject
Project("{8BC9CEB8-8B4A-11D0-8D11-00A0C91BC942}") = "First Missing Positive Entry", "First Missing Positive Entry\First Missing Positive Entry.vcxproj", "{FB85E798-B683-4069-8A58-1FAD40E74892}"
EndProject
Project("{8BC9CEB8-8B4A-11D0-8D11-00A0C91BC942}") = "Max Difference", "Max Difference\Max Difference.vcxproj", "{F49D25BF-FBAD-4A5F-8A4F-BFC945694040}"
EndProject
Project("{8BC9CEB8-8B4A-11D0-8D11-00A0C91BC942}") = "Max Product All but one", "Max Product All but one\Max Product All but one.vcxproj", "{13951ACA-A527-43C2-B403-F5740908FE94}"
EndProject
Global
	GlobalSection(SolutionConfigurationPlatforms) = preSolution
		Debug|Win32 = Debug|Win32
		Release|Win32 = Release|Win32
	EndGlobalSection
	GlobalSection(ProjectConfigurationPlatforms) = postSolution
		{8A26F8BC-0B0A-4764-8696-60D8ABF70113}.Debug|Win32.ActiveCfg = Debug|Win32
		{8A26F8BC-0B0A-4764-8696-60D8ABF70113}.Debug|Win32.Build.0 = Debug|Win32
		{8A26F8BC-0B0A-4764-8696-60D8ABF70113}.Release|Win32.ActiveCfg = Release|Win32
		{8A26F8BC-0B0A-4764-8696-60D8ABF70113}.Release|Win32.Build.0 = Release|Win32
		{157D5243-AC5F-48B0-A720-02B38ABC28F2}.Debug|Win32.ActiveCfg = Debug|Win32
		{157D5243-AC5F-48B0-A720-02B38ABC28F2}.Debug|Win32.Build.0 = Debug|Win32
		{157D5243-AC5F-48B0-A720-02B38ABC28F2}.Release|Win32.ActiveCfg = Release|Win32
		{157D5243-AC5F-48B0-A720-02B38ABC28F2}.Release|Win32.Build.0 = Release|Win32
		{223F1208-5D55-4BF2-9ED1-24483B2B32CA}.Debug|Win32.ActiveCfg = Debug|Win32
		{223F1208-5D55-4BF2-9ED1-24483B2B32CA}.Debug|Win32.Build.0 = Debug|Win32
		{223F1208-5D55-4BF2-9ED1-24483B2B32CA}.Release|Win32.ActiveCfg = Release|Win32
		{223F1208-5D55-4BF2-9ED1-24483B2B32CA}.Release|Win32.Build.0 = Release|Win32
		{2AEF168B-0AC1-4F85-9FF3-7B44B1FCD284}.Debug|Win32.ActiveCfg = Debug|Win32
		{2AEF168B-0AC1-4F85-9FF3-7B44B1FCD284}.Debug|Win32.Build.0 = Debug|Win32
		{2AEF168B-0AC1-4F85-9FF3-7B44B1FCD284}.Release|Win32.ActiveCfg = Release|Win32
		{2AEF168B-0AC1-4F85-9FF3-7B44B1FCD284}.Release|Win32.Build.0 = Release|Win32
		{64E5909A-28F6-4EBD-A51B-5CD966F41210}.Debug|Win32.ActiveCfg = Debug|Win32
		{64E5909A-28F6-4EBD-A51B-5CD966F41210}.Debug|Win32.Build.0 = Debug|Win32
		{64E5909A-28F6-4EBD-A51B-5CD966F41210}.Release|Win32.ActiveCfg = Release|Win32
		{64E5909A-28F6-4EBD-A51B-5CD966F41210}.Release|Win32.Build.0 = Release|Win32
		{6B39FF28-B99A-40A3-8FE4-5D72AFC20FB1}.Debug|Win32.ActiveCfg = Debug|Win32
		{6B39FF28-B99A-40A3-8FE4-5D72AFC20FB1}.Debug|Win32.Build.0 = Debug|Win32
		{6B39FF28-B99A-40A3-8FE4-5D72AFC20FB1}.Release|Win32.ActiveCfg = Release|Win32
		{6B39FF28-B99A-40A3-8FE4-5D72AFC20FB1}.Release|Win32.Build.0 = Release|Win32
		{8EAF9F7E-489B-47BF-95AC-96B6D29892ED}.Debug|Win32.ActiveCfg = Debug|Win32
		{8EAF9F7E-489B-47BF-95AC-96B6D29892ED}.Debug|Win32.Build.0 = Debug|Win32
		{8EAF9F7E-489B-47BF-95AC-96B6D29892ED}.Release|Win32.ActiveCfg = Release|Win32
		{8EAF9F7E-489B-47BF-95AC-96B6D29892ED}.Release|Win32.Build.0 = Release|Win32
		{EB309AB2-60D3-45C2-9C76-7C7ECC707463}.Debug|Win32.ActiveCfg = Debug|Win32
		{EB309AB2-60D3-45C2-9C76-7C7ECC707463}.Debug|Win32.Build.0 = Debug|Win32
		{EB309AB2-60D3-45C2-9C76-7C7ECC707463}.Release|Win32.ActiveCfg = Release|Win32
		{EB309AB2-60D3-45C2-9C76-7C7ECC707463}.Release|Win32.Build.0 = Release|Win32
		{9653CEC2-80BA-4E2E-A514-B79BDC61D593}.Debug|Win32.ActiveCfg = Debug|Win32
		{9653CEC2-80BA-4E2E-A514-B79BDC61D593}.Debug|Win32.Build.0 = Debug|Win32
		{9653CEC2-80BA-4E2E-A514-B79BDC61D593}.Release|Win32.ActiveCfg = Release|Win32
		{9653CEC2-80BA-4E2E-A514-B79BDC61D593}.Release|Win32.Build.0 = Release|Win32
		{27103011-D448-4572-A62D-43049AF8C4A0}.Debug|Win32.ActiveCfg = Debug|Win32
		{27103011-D448-4572-A62D-43049AF8C4A0}.Debug|Win32.Build.0 = Debug|Win32
		{27103011-D448-4572-A62D-43049AF8C4A0}.Release|Win32.ActiveCfg = Release|Win32
		{27103011-D448-4572-A62D-43049AF8C4A0}.Release|Win32.Build.0 = Release|Win32
		{3DBBA8F1-1FE5-4A92-BC8E-83D8EDABF0C9}.Debug|Win32.ActiveCfg = Debug|Win32
		{3DBBA8F1-1FE5-4A92-BC8E-83D8EDABF0C9}.Debug|Win32.Build.0 = Debug|Win32
		{3DBBA8F1-1FE5-4A92-BC8E-83D8EDABF0C9}.Release|Win32.ActiveCfg = Release|Win32
		{3DBBA8F1-1FE5-4A92-BC8E-83D8EDABF0C9}.Release|Win32.Build.0 = Release|Win32
		{3DED0E4F-C22B-457A-AA45-3A70ABEB9759}.Debug|Win32.ActiveCfg = Debug|Win32
		{3DED0E4F-C22B-457A-AA45-3A70ABEB9759}.Debug|Win32.Build.0 = Debug|Win32
		{3DED0E4F-C22B-457A-AA45-3A70ABEB9759}.Release|Win32.ActiveCfg = Release|Win32
		{3DED0E4F-C22B-457A-AA45-3A70ABEB9759}.Release|Win32.Build.0 = Release|Win32
		{87B265EB-669C-446A-A730-255031A321C7}.Debug|Win32.ActiveCfg = Debug|Win32
		{87B265EB-669C-446A-A730-255031A321C7}.Debug|Win32.Build.0 = Debug|Win32
		{87B265EB-669C-446A-A730-255031A321C7}.Release|Win32.ActiveCfg = Release|Win32
		{87B265EB-669C-446A-A730-255031A321C7}.Release|Win32.Build.0 = Release|Win32
		{06A61545-D5EC-4B43-8E0D-B9EFC2C650C2}.Debug|Win32.ActiveCfg = Debug|Win32
		{06A61545-D5EC-4B43-8E0D-B9EFC2C650C2}.Debug|Win32.Build.0 = Debug|Win32
		{06A61545-D5EC-4B43-8E0D-B9EFC2C650C2}.Release|Win32.ActiveCfg = Release|Win32
		{06A61545-D5EC-4B43-8E0D-B9EFC2C650C2}.Release|Win32.Build.0 = Release|Win32
		{293A9FBA-1F36-4D03-A9ED-983B4C405F94}.Debug|Win32.ActiveCfg = Debug|Win32
		{293A9FBA-1F36-4D03-A9ED-983B4C405F94}.Debug|Win32.Build.0 = Debug|Win32
		{293A9FBA-1F36-4D03-A9ED-983B4C405F94}.Release|Win32.ActiveCfg = Release|Win32
		{293A9FBA-1F36-4D03-A9ED-983B4C405F94}.Release|Win32.Build.0 = Release|Win32
		{84D7D671-F943-4249-AB2E-BC6923720310}.Debug|Win32.ActiveCfg = Debug|Win32
		{84D7D671-F943-4249-AB2E-BC6923720310}.Debug|Win32.Build.0 = Debug|Win32
		{84D7D671-F943-4249-AB2E-BC6923720310}.Release|Win32.ActiveCfg = Release|Win32
		{84D7D671-F943-4249-AB2E-BC6923720310}.Release|Win32.Build.0 = Release|Win32
		{5E2C8429-DD70-4BB8-B694-204A57FB6AE8}.Debug|Win32.ActiveCfg = Debug|Win32
		{5E2C8429-DD70-4BB8-B694-204A57FB6AE8}.Debug|Win32.Build.0 = Debug|Win32
		{5E2C8429-DD70-4BB8-B694-204A57FB6AE8}.Release|Win32.ActiveCfg = Release|Win32
		{5E2C8429-DD70-4BB8-B694-204A57FB6AE8}.Release|Win32.Build.0 = Release|Win32
		{65D90A45-655B-45A1-A5EC-89C6D28E8EDF}.Debug|Win32.ActiveCfg = Debug|Win32
		{65D90A45-655B-45A1-A5EC-89C6D28E8EDF}.Debug|Win32.Build.0 = Debug|Win32
		{65D90A45-655B-45A1-A5EC-89C6D28E8EDF}.Release|Win32.ActiveCfg = Release|Win32
		{65D90A45-655B-45A1-A5EC-89C6D28E8EDF}.Release|Win32.Build.0 = Release|Win32
		{9DC4D528-BDFF-4CCD-9293-9E87F764C30F}.Debug|Win32.ActiveCfg = Debug|Win32
		{9DC4D528-BDFF-4CCD-9293-9E87F764C30F}.Debug|Win32.Build.0 = Debug|Win32
		{9DC4D528-BDFF-4CCD-9293-9E87F764C30F}.Release|Win32.ActiveCfg = Release|Win32
		{9DC4D528-BDFF-4CCD-9293-9E87F764C30F}.Release|Win32.Build.0 = Release|Win32
		{F57ACDDA-8B21-4D95-B814-4D20C57BA388}.Debug|Win32.ActiveCfg = Debug|Win32
		{F57ACDDA-8B21-4D95-B814-4D20C57BA388}.Debug|Win32.Build.0 = Debug|Win32
		{F57ACDDA-8B21-4D95-B814-4D20C57BA388}.Release|Win32.ActiveCfg = Release|Win32
		{F57ACDDA-8B21-4D95-B814-4D20C57BA388}.Release|Win32.Build.0 = Release|Win32
		{0789A3ED-6828-4C0D-A0CE-35F76FE2755A}.Debug|Win32.ActiveCfg = Debug|Win32
		{0789A3ED-6828-4C0D-A0CE-35F76FE2755A}.Debug|Win32.Build.0 = Debug|Win32
		{0789A3ED-6828-4C0D-A0CE-35F76FE2755A}.Release|Win32.ActiveCfg = Release|Win32
		{0789A3ED-6828-4C0D-A0CE-35F76FE2755A}.Release|Win32.Build.0 = Release|Win32
		{9C1EA8A1-838D-4B99-BE74-A3E4842FB1F1}.Debug|Win32.ActiveCfg = Debug|Win32
		{9C1EA8A1-838D-4B99-BE74-A3E4842FB1F1}.Debug|Win32.Build.0 = Debug|Win32
		{9C1EA8A1-838D-4B99-BE74-A3E4842FB1F1}.Release|Win32.ActiveCfg = Release|Win32
		{9C1EA8A1-838D-4B99-BE74-A3E4842FB1F1}.Release|Win32.Build.0 = Release|Win32
		{7E9531A9-2D2C-4D0C-8694-77B018D03718}.Debug|Win32.ActiveCfg = Debug|Win32
		{7E9531A9-2D2C-4D0C-8694-77B018D03718}.Debug|Win32.Build.0 = Debug|Win32
		{7E9531A9-2D2C-4D0C-8694-77B018D03718}.Release|Win32.ActiveCfg = Release|Win32
		{7E9531A9-2D2C-4D0C-8694-77B018D03718}.Release|Win32.Build.0 = Release|Win32
		{DC123838-0EF4-47DB-AE30-3C7AF92B8EC8}.Debug|Win32.ActiveCfg = Debug|Win32
		{DC123838-0EF4-47DB-AE30-3C7AF92B8EC8}.Debug|Win32.Build.0 = Debug|Win32
		{DC123838-0EF4-47DB-AE30-3C7AF92B8EC8}.Release|Win32.ActiveCfg = Release|Win32
		{DC123838-0EF4-47DB-AE30-3C7AF92B8EC8}.Release|Win32.Build.0 = Release|Win32
		{75CD9602-9CB6-4EFA-85EC-ED85A159EBB3}.Debug|Win32.ActiveCfg = Debug|Win32
		{75CD9602-9CB6-4EFA-85EC-ED85A159EBB3}.Debug|Win32.Build.0 = Debug|Win32
		{75CD9602-9CB6-4EFA-85EC-ED85A159EBB3}.Release|Win32.ActiveCfg = Release|Win32
		{75CD9602-9CB6-4EFA-85EC-ED85A159EBB3}.Release|Win32.Build.0 = Release|Win32
		{F797BEB9-FA9A-4C77-87B7-1FDC7395C27D}.Debug|Win32.ActiveCfg = Debug|Win32
		{F797BEB9-FA9A-4C77-87B7-1FDC7395C27D}.Debug|Win32.Build.0 = Debug|Win32
		{F797BEB9-FA9A-4C77-87B7-1FDC7395C27D}.Release|Win32.ActiveCfg = Release|Win32
		{F797BEB9-FA9A-4C77-87B7-1FDC7395C27D}.Release|Win32.Build.0 = Release|Win32
		{F4728FC0-698D-453E-A60E-84634C6A5DEF}.Debug|Win32.ActiveCfg = Debug|Win32
		{F4728FC0-698D-453E-A60E-84634C6A5DEF}.Debug|Win32.Build.0 = Debug|Win32
		{F4728FC0-698D-453E-A60E-84634C6A5DEF}.Release|Win32.ActiveCfg = Release|Win32
		{F4728FC0-698D-453E-A60E-84634C6A5DEF}.Release|Win32.Build.0 = Release|Win32
		{BABCE698-4624-4EF7-9B33-E7CC2A557F23}.Debug|Win32.ActiveCfg = Debug|Win32
		{BABCE698-4624-4EF7-9B33-E7CC2A557F23}.Debug|Win32.Build.0 = Debug|Win32
		{BABCE698-4624-4EF7-9B33-E7CC2A557F23}.Release|Win32.ActiveCfg = Release|Win32
		{BABCE698-4624-4EF7-9B33-E7CC2A557F23}.Release|Win32.Build.0 = Release|Win32
		{051BD8A0-F8DC-433D-9960-19DB3CB98973}.Debug|Win32.ActiveCfg = Debug|Win32
		{051BD8A0-F8DC-433D-9960-19DB3CB98973}.Debug|Win32.Build.0 = Debug|Win32
		{051BD8A0-F8DC-433D-9960-19DB3CB98973}.Release|Win32.ActiveCfg = Release|Win32
		{051BD8A0-F8DC-433D-9960-19DB3CB98973}.Release|Win32.Build.0 = Release|Win32
		{F92657E8-D06D-4073-9C9E-7EE9534EFF40}.Debug|Win32.ActiveCfg = Debug|Win32
		{F92657E8-D06D-4073-9C9E-7EE9534EFF40}.Debug|Win32.Build.0 = Debug|Win32
		{F92657E8-D06D-4073-9C9E-7EE9534EFF40}.Release|Win32.ActiveCfg = Release|Win32
		{F92657E8-D06D-4073-9C9E-7EE9534EFF40}.Release|Win32.Build.0 = Release|Win32
		{46ED8BAB-13FF-4271-AB43-8D4ABB2DD9CB}.Debug|Win32.ActiveCfg = Debug|Win32
		{46ED8BAB-13FF-4271-AB43-8D4ABB2DD9CB}.Debug|Win32.Build.0 = Debug|Win32
		{46ED8BAB-13FF-4271-AB43-8D4ABB2DD9CB}.Release|Win32.ActiveCfg = Release|Win32
		{46ED8BAB-13FF-4271-AB43-8D4ABB2DD9CB}.Release|Win32.Build.0 = Release|Win32
		{02DB2E6F-F4D9-4103-89C2-5FF263528FC3}.Debug|Win32.ActiveCfg = Debug|Win32
		{02DB2E6F-F4D9-4103-89C2-5FF263528FC3}.Debug|Win32.Build.0 = Debug|Win32
		{02DB2E6F-F4D9-4103-89C2-5FF263528FC3}.Release|Win32.ActiveCfg = Release|Win32
		{02DB2E6F-F4D9-4103-89C2-5FF263528FC3}.Release|Win32.Build.0 = Release|Win32
		{0DF5FE26-D330-443C-8EB0-EE948E96B439}.Debug|Win32.ActiveCfg = Debug|Win32
		{0DF5FE26-D330-443C-8EB0-EE948E96B439}.Debug|Win32.Build.0 = Debug|Win32
		{0DF5FE26-D330-443C-8EB0-EE948E96B439}.Release|Win32.ActiveCfg = Release|Win32
		{0DF5FE26-D330-443C-8EB0-EE948E96B439}.Release|Win32.Build.0 = Release|Win32
		{7D5383E7-AB8F-477E-8386-1637AB7E855F}.Debug|Win32.ActiveCfg = Debug|Win32
		{7D5383E7-AB8F-477E-8386-1637AB7E855F}.Debug|Win32.Build.0 = Debug|Win32
		{7D5383E7-AB8F-477E-8386-1637AB7E855F}.Release|Win32.ActiveCfg = Release|Win32
		{7D5383E7-AB8F-477E-8386-1637AB7E855F}.Release|Win32.Build.0 = Release|Win32
		{1C41092F-6ED3-41C4-9832-8E1E74EBC7F1}.Debug|Win32.ActiveCfg = Debug|Win32
		{1C41092F-6ED3-41C4-9832-8E1E74EBC7F1}.Debug|Win32.Build.0 = Debug|Win32
		{1C41092F-6ED3-41C4-9832-8E1E74EBC7F1}.Release|Win32.ActiveCfg = Release|Win32
		{1C41092F-6ED3-41C4-9832-8E1E74EBC7F1}.Release|Win32.Build.0 = Release|Win32
		{478AE5CF-D90D-4EA6-B26D-5B659E8BC49D}.Debug|Win32.ActiveCfg = Debug|Win32
		{478AE5CF-D90D-4EA6-B26D-5B659E8BC49D}.Debug|Win32.Build.0 = Debug|Win32
		{478AE5CF-D90D-4EA6-B26D-5B659E8BC49D}.Release|Win32.ActiveCfg = Release|Win32
		{478AE5CF-D90D-4EA6-B26D-5B659E8BC49D}.Release|Win32.Build.0 = Release|Win32
		{F1763BD3-6F04-476A-B563-73D54732D059}.Debug|Win32.ActiveCfg = Debug|Win32
		{F1763BD3-6F04-476A-B563-73D54732D059}.Debug|Win32.Build.0 = Debug|Win32
		{F1763BD3-6F04-476A-B563-73D54732D059}.Release|Win32.ActiveCfg = Release|Win32
		{F1763BD3-6F04-476A-B563-73D54732D059}.Release|Win32.Build.0 = Release|Win32
		{C719C1AB-0600-42E8-A7E3-1C5116156871}.Debug|Win32.ActiveCfg = Debug|Win32
		{C719C1AB-0600-42E8-A7E3-1C5116156871}.Debug|Win32.Build.0 = Debug|Win32
		{C719C1AB-0600-42E8-A7E3-1C5116156871}.Release|Win32.ActiveCfg = Release|Win32
		{C719C1AB-0600-42E8-A7E3-1C5116156871}.Release|Win32.Build.0 = Release|Win32
		{5A66EE86-8A24-498D-8B01-A5CBED1C7F78}.Debug|Win32.ActiveCfg = Debug|Win32
		{5A66EE86-8A24-498D-8B01-A5CBED1C7F78}.Debug|Win32.Build.0 = Debug|Win32
		{5A66EE86-8A24-498D-8B01-A5CBED1C7F78}.Release|Win32.ActiveCfg = Release|Win32
		{5A66EE86-8A24-498D-8B01-A5CBED1C7F78}.Release|Win32.Build.0 = Release|Win32
		{2DC3024E-8296-4A66-8236-DB253A1B896A}.Debug|Win32.ActiveCfg = Debug|Win32
		{2DC3024E-8296-4A66-8236-DB253A1B896A}.Debug|Win32.Build.0 = Debug|Win32
		{2DC3024E-8296-4A66-8236-DB253A1B896A}.Release|Win32.ActiveCfg = Release|Win32
		{2DC3024E-8296-4A66-8236-DB253A1B896A}.Release|Win32.Build.0 = Release|Win32
		{407F4647-3164-4DA0-88DB-1A18C39305F5}.Debug|Win32.ActiveCfg = Debug|Win32
		{407F4647-3164-4DA0-88DB-1A18C39305F5}.Debug|Win32.Build.0 = Debug|Win32
		{407F4647-3164-4DA0-88DB-1A18C39305F5}.Release|Win32.ActiveCfg = Release|Win32
		{407F4647-3164-4DA0-88DB-1A18C39305F5}.Release|Win32.Build.0 = Release|Win32
		{00E68F94-AAA1-498D-984A-0AE4B207D00D}.Debug|Win32.ActiveCfg = Debug|Win32
		{00E68F94-AAA1-498D-984A-0AE4B207D00D}.Debug|Win32.Build.0 = Debug|Win32
		{00E68F94-AAA1-498D-984A-0AE4B207D00D}.Release|Win32.ActiveCfg = Release|Win32
		{00E68F94-AAA1-498D-984A-0AE4B207D00D}.Release|Win32.Build.0 = Release|Win32
		{4B4D3840-6CB0-41D9-BF49-80F0874EB759}.Debug|Win32.ActiveCfg = Debug|Win32
		{4B4D3840-6CB0-41D9-BF49-80F0874EB759}.Debug|Win32.Build.0 = Debug|Win32
		{4B4D3840-6CB0-41D9-BF49-80F0874EB759}.Release|Win32.ActiveCfg = Release|Win32
		{4B4D3840-6CB0-41D9-BF49-80F0874EB759}.Release|Win32.Build.0 = Release|Win32
		{FC9C9C4D-D549-4FCC-B534-652CB787EB6F}.Debug|Win32.ActiveCfg = Debug|Win32
		{FC9C9C4D-D549-4FCC-B534-652CB787EB6F}.Debug|Win32.Build.0 = Debug|Win32
		{FC9C9C4D-D549-4FCC-B534-652CB787EB6F}.Release|Win32.ActiveCfg = Release|Win32
		{FC9C9C4D-D549-4FCC-B534-652CB787EB6F}.Release|Win32.Build.0 = Release|Win32
		{A6D1943F-D0A5-4E4D-AA9C-AD074E44E8FC}.Debug|Win32.ActiveCfg = Debug|Win32
		{A6D1943F-D0A5-4E4D-AA9C-AD074E44E8FC}.Debug|Win32.Build.0 = Debug|Win32
		{A6D1943F-D0A5-4E4D-AA9C-AD074E44E8FC}.Release|Win32.ActiveCfg = Release|Win32
		{A6D1943F-D0A5-4E4D-AA9C-AD074E44E8FC}.Release|Win32.Build.0 = Release|Win32
		{1556985E-5762-426E-90E5-5CFC9DF60F9B}.Debug|Win32.ActiveCfg = Debug|Win32
		{1556985E-5762-426E-90E5-5CFC9DF60F9B}.Debug|Win32.Build.0 = Debug|Win32
		{1556985E-5762-426E-90E5-5CFC9DF60F9B}.Release|Win32.ActiveCfg = Release|Win32
		{1556985E-5762-426E-90E5-5CFC9DF60F9B}.Release|Win32.Build.0 = Release|Win32
		{37529030-5E6B-4B75-BC12-F655788B1317}.Debug|Win32.ActiveCfg = Debug|Win32
		{37529030-5E6B-4B75-BC12-F655788B1317}.Debug|Win32.Build.0 = Debug|Win32
		{37529030-5E6B-4B75-BC12-F655788B1317}.Release|Win32.ActiveCfg = Release|Win32
		{37529030-5E6B-4B75-BC12-F655788B1317}.Release|Win32.Build.0 = Release|Win32
		{1043ED37-C85D-4910-8B4E-F4F75301F4DF}.Debug|Win32.ActiveCfg = Debug|Win32
		{1043ED37-C85D-4910-8B4E-F4F75301F4DF}.Debug|Win32.Build.0 = Debug|Win32
		{1043ED37-C85D-4910-8B4E-F4F75301F4DF}.Release|Win32.ActiveCfg = Release|Win32
		{1043ED37-C85D-4910-8B4E-F4F75301F4DF}.Release|Win32.Build.0 = Release|Win32
		{379857AE-5647-4165-88FF-57E241B80903}.Debug|Win32.ActiveCfg = Debug|Win32
		{379857AE-5647-4165-88FF-57E241B80903}.Debug|Win32.Build.0 = Debug|Win32
		{379857AE-5647-4165-88FF-57E241B80903}.Release|Win32.ActiveCfg = Release|Win32
		{379857AE-5647-4165-88FF-57E241B80903}.Release|Win32.Build.0 = Release|Win32
		{5B9AA447-7E75-4D53-B3B9-537B8EE37778}.Debug|Win32.ActiveCfg = Debug|Win32
		{5B9AA447-7E75-4D53-B3B9-537B8EE37778}.Debug|Win32.Build.0 = Debug|Win32
		{5B9AA447-7E75-4D53-B3B9-537B8EE37778}.Release|Win32.ActiveCfg = Release|Win32
		{5B9AA447-7E75-4D53-B3B9-537B8EE37778}.Release|Win32.Build.0 = Release|Win32
		{5B0E7D17-64BE-472C-B87E-F3CD086868B6}.Debug|Win32.ActiveCfg = Debug|Win32
		{5B0E7D17-64BE-472C-B87E-F3CD086868B6}.Debug|Win32.Build.0 = Debug|Win32
		{5B0E7D17-64BE-472C-B87E-F3CD086868B6}.Release|Win32.ActiveCfg = Release|Win32
		{5B0E7D17-64BE-472C-B87E-F3CD086868B6}.Release|Win32.Build.0 = Release|Win32
		{972648B0-00E1-434A-B128-7359F2423F00}.Debug|Win32.ActiveCfg = Debug|Win32
		{972648B0-00E1-434A-B128-7359F2423F00}.Debug|Win32.Build.0 = Debug|Win32
		{972648B0-00E1-434A-B128-7359F2423F00}.Release|Win32.ActiveCfg = Release|Win32
		{972648B0-00E1-434A-B128-7359F2423F00}.Release|Win32.Build.0 = Release|Win32
		{328653BA-6B84-4E48-A138-28336A2AD3A4}.Debug|Win32.ActiveCfg = Debug|Win32
		{328653BA-6B84-4E48-A138-28336A2AD3A4}.Debug|Win32.Build.0 = Debug|Win32
		{328653BA-6B84-4E48-A138-28336A2AD3A4}.Release|Win32.ActiveCfg = Release|Win32
		{328653BA-6B84-4E48-A138-28336A2AD3A4}.Release|Win32.Build.0 = Release|Win32
		{85685825-4EFD-4A76-B79F-8759D821DD6F}.Debug|Win32.ActiveCfg = Debug|Win32
		{85685825-4EFD-4A76-B79F-8759D821DD6F}.Debug|Win32.Build.0 = Debug|Win32
		{85685825-4EFD-4A76-B79F-8759D821DD6F}.Release|Win32.ActiveCfg = Release|Win32
		{85685825-4EFD-4A76-B79F-8759D821DD6F}.Release|Win32.Build.0 = Release|Win32
		{AB9D8635-8043-40D4-99B9-4F2DC0235A8D}.Debug|Win32.ActiveCfg = Debug|Win32
		{AB9D8635-8043-40D4-99B9-4F2DC0235A8D}.Debug|Win32.Build.0 = Debug|Win32
		{AB9D8635-8043-40D4-99B9-4F2DC0235A8D}.Release|Win32.ActiveCfg = Release|Win32
		{AB9D8635-8043-40D4-99B9-4F2DC0235A8D}.Release|Win32.Build.0 = Release|Win32
		{C8793DB8-E5A0-47F7-85B8-6DC27B306972}.Debug|Win32.ActiveCfg = Debug|Win32
		{C8793DB8-E5A0-47F7-85B8-6DC27B306972}.Debug|Win32.Build.0 = Debug|Win32
		{C8793DB8-E5A0-47F7-85B8-6DC27B306972}.Release|Win32.ActiveCfg = Release|Win32
		{C8793DB8-E5A0-47F7-85B8-6DC27B306972}.Release|Win32.Build.0 = Release|Win32
		{38411E95-0A6C-48DC-BBE6-CF2911C9952C}.Debug|Win32.ActiveCfg = Debug|Win32
		{38411E95-0A6C-48DC-BBE6-CF2911C9952C}.Debug|Win32.Build.0 = Debug|Win32
		{38411E95-0A6C-48DC-BBE6-CF2911C9952C}.Release|Win32.ActiveCfg = Release|Win32
		{38411E95-0A6C-48DC-BBE6-CF2911C9952C}.Release|Win32.Build.0 = Release|Win32
		{A9C19198-E635-4D02-83B6-8D1E730AB262}.Debug|Win32.ActiveCfg = Debug|Win32
		{A9C19198-E635-4D02-83B6-8D1E730AB262}.Debug|Win32.Build.0 = Debug|Win32
		{A9C19198-E635-4D02-83B6-8D1E730AB262}.Release|Win32.ActiveCfg = Release|Win32
		{A9C19198-E635-4D02-83B6-8D1E730AB262}.Release|Win32.Build.0 = Release|Win32
		{FB85E798-B683-4069-8A58-1FAD40E74892}.Debug|Win32.ActiveCfg = Debug|Win32
		{FB85E798-B683-4069-8A58-1FAD40E74892}.Debug|Win32.Build.0 = Debug|Win32
		{FB85E798-B683-4069-8A58-1FAD40E74892}.Release|Win32.ActiveCfg = Release|Win32
		{FB85E798-B683-4069-8A58-1FAD40E74892}.Release|Win32.Build.0 = Release|Win32
		{F49D25BF-FBAD-4A5F-8A4F-BFC945694040}.Debug|Win32.ActiveCfg = Debug|Win32
		{F49D25BF-FBAD-4A5F-8A4F-BFC945694040}.Debug|Win32.Build.0 = Debug|Win32
		{F49D25BF-FBAD-4A5F-8A4F-BFC945694040}.Release|Win32.ActiveCfg = Release|Win32
		{F49D25BF-FBAD-4A5F-8A4F-BFC945694040}.Release|Win32.Build.0 = Release|Win32
		{13951ACA-A527-43C2-B403-F5740908FE94}.Debug|Win32.ActiveCfg = Debug|Win32
		{13951ACA-A527-43C2-B403-F5740908FE94}.Debug|Win32.Build.0 = Debug|Win32
		{13951ACA-A527-43C2-B403-F5740908FE94}.Release|Win32.ActiveCfg = Release|Win32
		{13951ACA-A527-43C2-B403-F5740908FE94}.Release|Win32.Build.0 = Release|Win32
	EndGlobalSection
	GlobalSection(SolutionProperties) = preSolution
		HideSolutionNode = FALSE
	EndGlobalSection
	GlobalSection(NestedProjects) = preSolution
		{8A26F8BC-0B0A-4764-8696-60D8ABF70113} = {9FE7FF3D-2FCB-41D2-9FA5-C9D7BA01E3E5}
		{157D5243-AC5F-48B0-A720-02B38ABC28F2} = {9FE7FF3D-2FCB-41D2-9FA5-C9D7BA01E3E5}
		{223F1208-5D55-4BF2-9ED1-24483B2B32CA} = {9FE7FF3D-2FCB-41D2-9FA5-C9D7BA01E3E5}
		{2AEF168B-0AC1-4F85-9FF3-7B44B1FCD284} = {9FE7FF3D-2FCB-41D2-9FA5-C9D7BA01E3E5}
		{64E5909A-28F6-4EBD-A51B-5CD966F41210} = {9FE7FF3D-2FCB-41D2-9FA5-C9D7BA01E3E5}
		{6B39FF28-B99A-40A3-8FE4-5D72AFC20FB1} = {9FE7FF3D-2FCB-41D2-9FA5-C9D7BA01E3E5}
		{8EAF9F7E-489B-47BF-95AC-96B6D29892ED} = {9FE7FF3D-2FCB-41D2-9FA5-C9D7BA01E3E5}
		{EB309AB2-60D3-45C2-9C76-7C7ECC707463} = {9FE7FF3D-2FCB-41D2-9FA5-C9D7BA01E3E5}
		{9653CEC2-80BA-4E2E-A514-B79BDC61D593} = {14BFC53B-A28D-4611-8036-BB04C172A310}
		{27103011-D448-4572-A62D-43049AF8C4A0} = {14BFC53B-A28D-4611-8036-BB04C172A310}
		{3DBBA8F1-1FE5-4A92-BC8E-83D8EDABF0C9} = {14BFC53B-A28D-4611-8036-BB04C172A310}
		{3DED0E4F-C22B-457A-AA45-3A70ABEB9759} = {14BFC53B-A28D-4611-8036-BB04C172A310}
		{87B265EB-669C-446A-A730-255031A321C7} = {14BFC53B-A28D-4611-8036-BB04C172A310}
		{06A61545-D5EC-4B43-8E0D-B9EFC2C650C2} = {14BFC53B-A28D-4611-8036-BB04C172A310}
		{293A9FBA-1F36-4D03-A9ED-983B4C405F94} = {14BFC53B-A28D-4611-8036-BB04C172A310}
		{D2E71256-3376-48FA-BF24-444831570A93} = {14BFC53B-A28D-4611-8036-BB04C172A310}
		{5B9AA447-7E75-4D53-B3B9-537B8EE37778} = {14BFC53B-A28D-4611-8036-BB04C172A310}
		{84D7D671-F943-4249-AB2E-BC6923720310} = {B4C6BEE2-071F-46C0-AE4C-9E708C029755}
		{5E2C8429-DD70-4BB8-B694-204A57FB6AE8} = {B4C6BEE2-071F-46C0-AE4C-9E708C029755}
		{65D90A45-655B-45A1-A5EC-89C6D28E8EDF} = {B4C6BEE2-071F-46C0-AE4C-9E708C029755}
		{7E9531A9-2D2C-4D0C-8694-77B018D03718} = {B4C6BEE2-071F-46C0-AE4C-9E708C029755}
		{DC123838-0EF4-47DB-AE30-3C7AF92B8EC8} = {B4C6BEE2-071F-46C0-AE4C-9E708C029755}
		{75CD9602-9CB6-4EFA-85EC-ED85A159EBB3} = {B4C6BEE2-071F-46C0-AE4C-9E708C029755}
		{F4728FC0-698D-453E-A60E-84634C6A5DEF} = {B4C6BEE2-071F-46C0-AE4C-9E708C029755}
		{1C41092F-6ED3-41C4-9832-8E1E74EBC7F1} = {B4C6BEE2-071F-46C0-AE4C-9E708C029755}
		{FC9C9C4D-D549-4FCC-B534-652CB787EB6F} = {B4C6BEE2-071F-46C0-AE4C-9E708C029755}
		{A6D1943F-D0A5-4E4D-AA9C-AD074E44E8FC} = {B4C6BEE2-071F-46C0-AE4C-9E708C029755}
		{1556985E-5762-426E-90E5-5CFC9DF60F9B} = {B4C6BEE2-071F-46C0-AE4C-9E708C029755}
		{FB85E798-B683-4069-8A58-1FAD40E74892} = {B4C6BEE2-071F-46C0-AE4C-9E708C029755}
		{F49D25BF-FBAD-4A5F-8A4F-BFC945694040} = {B4C6BEE2-071F-46C0-AE4C-9E708C029755}
		{13951ACA-A527-43C2-B403-F5740908FE94} = {B4C6BEE2-071F-46C0-AE4C-9E708C029755}
		{9DC4D528-BDFF-4CCD-9293-9E87F764C30F} = {F7E090DD-D052-424D-BA0D-269594C5CE46}
		{F57ACDDA-8B21-4D95-B814-4D20C57BA388} = {F7E090DD-D052-424D-BA0D-269594C5CE46}
		{0789A3ED-6828-4C0D-A0CE-35F76FE2755A} = {F7E090DD-D052-424D-BA0D-269594C5CE46}
		{9C1EA8A1-838D-4B99-BE74-A3E4842FB1F1} = {F7E090DD-D052-424D-BA0D-269594C5CE46}
		{478AE5CF-D90D-4EA6-B26D-5B659E8BC49D} = {F7E090DD-D052-424D-BA0D-269594C5CE46}
		{37529030-5E6B-4B75-BC12-F655788B1317} = {F7E090DD-D052-424D-BA0D-269594C5CE46}
		{1043ED37-C85D-4910-8B4E-F4F75301F4DF} = {F7E090DD-D052-424D-BA0D-269594C5CE46}
		{F797BEB9-FA9A-4C77-87B7-1FDC7395C27D} = {67C4B384-32D1-422B-9B62-EBB1C5488A42}
		{7D5383E7-AB8F-477E-8386-1637AB7E855F} = {67C4B384-32D1-422B-9B62-EBB1C5488A42}
		{00E68F94-AAA1-498D-984A-0AE4B207D00D} = {67C4B384-32D1-422B-9B62-EBB1C5488A42}
		{4B4D3840-6CB0-41D9-BF49-80F0874EB759} = {67C4B384-32D1-422B-9B62-EBB1C5488A42}
		{A9C19198-E635-4D02-83B6-8D1E730AB262} = {67C4B384-32D1-422B-9B62-EBB1C5488A42}
		{BABCE698-4624-4EF7-9B33-E7CC2A557F23} = {5B5F2666-A37D-4AD4-B474-43897CC83F63}
		{C719C1AB-0600-42E8-A7E3-1C5116156871} = {5B5F2666-A37D-4AD4-B474-43897CC83F63}
		{051BD8A0-F8DC-433D-9960-19DB3CB98973} = {1C07C808-E068-4C9F-90AE-7F3380A03E12}
		{972648B0-00E1-434A-B128-7359F2423F00} = {1C07C808-E068-4C9F-90AE-7F3380A03E12}
		{328653BA-6B84-4E48-A138-28336A2AD3A4} = {1C07C808-E068-4C9F-90AE-7F3380A03E12}
		{F92657E8-D06D-4073-9C9E-7EE9534EFF40} = {D2E71256-3376-48FA-BF24-444831570A93}
		{5A66EE86-8A24-498D-8B01-A5CBED1C7F78} = {D2E71256-3376-48FA-BF24-444831570A93}
		{5B0E7D17-64BE-472C-B87E-F3CD086868B6} = {D2E71256-3376-48FA-BF24-444831570A93}
		{85685825-4EFD-4A76-B79F-8759D821DD6F} = {D2E71256-3376-48FA-BF24-444831570A93}
		{46ED8BAB-13FF-4271-AB43-8D4ABB2DD9CB} = {0B2B6521-DD31-419A-8C33-A7FF35574B89}
		{2DC3024E-8296-4A66-8236-DB253A1B896A} = {0B2B6521-DD31-419A-8C33-A7FF35574B89}
		{AB9D8635-8043-40D4-99B9-4F2DC0235A8D} = {0B2B6521-DD31-419A-8C33-A7FF35574B89}
		{C8793DB8-E5A0-47F7-85B8-6DC27B306972} = {0B2B6521-DD31-419A-8C33-A7FF35574B89}
		{38411E95-0A6C-48DC-BBE6-CF2911C9952C} = {0B2B6521-DD31-419A-8C33-A7FF35574B89}
		{02DB2E6F-F4D9-4103-89C2-5FF263528FC3} = {22918BB2-DE74-4B8F-B884-3E4745265072}
		{0DF5FE26-D330-443C-8EB0-EE948E96B439} = {22918BB2-DE74-4B8F-B884-3E4745265072}
		{407F4647-3164-4DA0-88DB-1A18C39305F5} = {22918BB2-DE74-4B8F-B884-3E4745265072}
		{F1763BD3-6F04-476A-B563-73D54732D059} = {A64F96F9-3660-4AA0-AF5F-6329EBA7DAA3}
		{379857AE-5647-4165-88FF-57E241B80903} = {A64F96F9-3660-4AA0-AF5F-6329EBA7DAA3}
	EndGlobalSection
EndGlobal
